// !$*UTF8*$!
{
	archiveVersion = 1;
	classes = {
	};
	objectVersion = 56;
	objects = {

/* Begin PBXBuildFile section */
		18A7EA5F80F15D7F825715D4 /* AdManager.swift in Sources */ = {isa = PBXBuildFile; fileRef = AD56657D01FCBEC2990A005B /* AdManager.swift */; };
		F53688BEDDDF9F116BCB3D07 /* AnalyticsClient.swift in Sources */ = {isa = PBXBuildFile; fileRef = 1735841C8C5B3024FB6B7752 /* AnalyticsClient.swift */; };
		8C8B48C70378646556AA9B99 /* AudioService.swift in Sources */ = {isa = PBXBuildFile; fileRef = 73E12866690459A4021BF3CA /* AudioService.swift */; };
		7FEF64ED63AFF77F57E677AF /* GameEngine.swift in Sources */ = {isa = PBXBuildFile; fileRef = 341FEEF5F104FF569AFDBB61 /* GameEngine.swift */; };
		27B7F1DD168C33615518789E /* GameSession.swift in Sources */ = {isa = PBXBuildFile; fileRef = 8951B6FAA51E1F5E2FA00C92 /* GameSession.swift */; };
		43204CC1C87F031DA9FEA0EE /* LevelCatalog.swift in Sources */ = {isa = PBXBuildFile; fileRef = CF9FF280651E21A1BE229110 /* LevelCatalog.swift */; };
		D1405E3F4F163EBE34A12C36 /* GameModels.swift in Sources */ = {isa = PBXBuildFile; fileRef = F846A400615E1CD328866727 /* GameModels.swift */; };
		FDFB1D64DC47D58298DDB8AF /* DailyChallengeService.swift in Sources */ = {isa = PBXBuildFile; fileRef = 1C2ABBF19EDF5F8696C78E43 /* DailyChallengeService.swift */; };
		08140EB2C7DBAB4003FA947F /* PersistenceService.swift in Sources */ = {isa = PBXBuildFile; fileRef = 4C69BAF5B91A13CD471C7971 /* PersistenceService.swift */; };
		9F260C21EDDF0DDB8884F649 /* PremiumFlags.swift in Sources */ = {isa = PBXBuildFile; fileRef = 33E4C3B73DD7B3DDF78D8B0A /* PremiumFlags.swift */; };
		B3F521EB3D644D9E335D822B /* AppRootView.swift in Sources */ = {isa = PBXBuildFile; fileRef = 42A713D0F22A1CD191C3E458 /* AppRootView.swift */; };
		5CA5DA5F72FB027E7BCDA40E /* GameplayView.swift in Sources */ = {isa = PBXBuildFile; fileRef = DE89431105F1E83A3BC1E0BD /* GameplayView.swift */; };
		C45FD5479C3CCD32C1E18C38 /* HomeView.swift in Sources */ = {isa = PBXBuildFile; fileRef = 483C45B809DDC8E9FC73CBC9 /* HomeView.swift */; };
		F35B8796635200FCD1C1971F /* ResultView.swift in Sources */ = {isa = PBXBuildFile; fileRef = EA663F728E4AB410A1D51471 /* ResultView.swift */; };
		51416EA46A2E22C8CDB538B6 /* Theme.swift in Sources */ = {isa = PBXBuildFile; fileRef = 3FB57FD08776D69F7863EA39 /* Theme.swift */; };
		340277397CA4C1F91F9647E5 /* TheGameIsLyingApp.swift in Sources */ = {isa = PBXBuildFile; fileRef = CD1F75906BE8C31BD75A8BF7 /* TheGameIsLyingApp.swift */; };
		0CC86095CA2CD7F705E98451 /* AdManagerTests.swift in Sources */ = {isa = PBXBuildFile; fileRef = 5A981352EC0729C90ED39389 /* AdManagerTests.swift */; };
		929ACBC7FD5FDD9B6B06DEA5 /* AnalyticsTests.swift in Sources */ = {isa = PBXBuildFile; fileRef = 7F79D8CF7E1FC98BCA511AE3 /* AnalyticsTests.swift */; };
		7163A3E80C02226F511B9DDB /* AudioServiceTests.swift in Sources */ = {isa = PBXBuildFile; fileRef = 9E96190E8055D6D8CFDF490A /* AudioServiceTests.swift */; };
		00094A04CC95AED2ED1CA510 /* DailyChallengeTests.swift in Sources */ = {isa = PBXBuildFile; fileRef = 452B02AACA36FF13E431117E /* DailyChallengeTests.swift */; };
		6C98A27B03CC274E4ABCE0E5 /* EngineInvariantsTests.swift in Sources */ = {isa = PBXBuildFile; fileRef = 347AD0FA03F93DEA478A3161 /* EngineInvariantsTests.swift */; };
		9A2152297C8B34AA6F7E68C0 /* GameEngineTests.swift in Sources */ = {isa = PBXBuildFile; fileRef = A471B4C589B56A721D759E7B /* GameEngineTests.swift */; };
		6338F449FBDBC03E75AB91B4 /* GameSessionTests.swift in Sources */ = {isa = PBXBuildFile; fileRef = 89D814B8FB37AE56D1FB8CFA /* GameSessionTests.swift */; };
		31B252E822C4FC36740F966C /* GameSessionTortureTests.swift in Sources */ = {isa = PBXBuildFile; fileRef = D43C11578BDB459A17DB35FF /* GameSessionTortureTests.swift */; };
		5990FE5674B1989FDE64E85A /* LevelCatalogTests.swift in Sources */ = {isa = PBXBuildFile; fileRef = 4D78EF7767871B5EDE410BCF /* LevelCatalogTests.swift */; };
		F0053D728F8D472BC103A29D /* PlayerStateTests.swift in Sources */ = {isa = PBXBuildFile; fileRef = 06BBDD511448BC9950E61890 /* PlayerStateTests.swift */; };
		5C992FA509BB8A8C69EF0E7B /* CampaignPlaythroughUITests.swift in Sources */ = {isa = PBXBuildFile; fileRef = 264E13C57229043F0E10A4BE /* CampaignPlaythroughUITests.swift */; };
		66E8FBA698AA4300D03B078F /* FlowUITests.swift in Sources */ = {isa = PBXBuildFile; fileRef = 015560947C16C1F4D072D25B /* FlowUITests.swift */; };
		519209A37EA91B6E16410091 /* PrivacyInfo.xcprivacy in Resources */ = {isa = PBXBuildFile; fileRef = 173EF7E856B1BCC3BDA0C65A /* PrivacyInfo.xcprivacy */; };
		B583B6AE2191D6F159414F43 /* fail.wav in Resources */ = {isa = PBXBuildFile; fileRef = 4BCF6FF7BAD847145E4C7799 /* fail.wav */; };
		DE6A48EE797AC8248D464C26 /* success.wav in Resources */ = {isa = PBXBuildFile; fileRef = 6299B8A48AE8C98C68CA3903 /* success.wav */; };
		50FCC56F152ABC76ECF1F83F /* suspense.wav in Resources */ = {isa = PBXBuildFile; fileRef = 5959AC64BAB3FA1ABDD3E5B1 /* suspense.wav */; };
		B84ECD5971369E7A20EB8FE7 /* tap.wav in Resources */ = {isa = PBXBuildFile; fileRef = E5F509117AFC9A2C52AC7980 /* tap.wav */; };
		F15901678615A9A62582F797 /* Assets.xcassets in Resources */ = {isa = PBXBuildFile; fileRef = 65949145FDDF14E8A908E6B5 /* Assets.xcassets */; };
/* End PBXBuildFile section */

/* Begin PBXContainerItemProxy section */
		431387EB7262E1CFC79B125E /* PBXContainerItemProxy */ = {
			isa = PBXContainerItemProxy;
			containerPortal = 46F86FAA6BBF9AC94A7E4595 /* Project object */;
			proxyType = 1;
			remoteGlobalIDString = 6439CF22188FA14BBD363342;
			remoteInfo = TheGameIsLying;
		};
		697B19ABDC0F39A4DD41F10B /* PBXContainerItemProxy */ = {
			isa = PBXContainerItemProxy;
			containerPortal = 46F86FAA6BBF9AC94A7E4595 /* Project object */;
			proxyType = 1;
			remoteGlobalIDString = 6439CF22188FA14BBD363342;
			remoteInfo = TheGameIsLying;
		};
/* End PBXContainerItemProxy section */

/* Begin PBXFileReference section */
		7BCCADA3021C07D12E775CB5 /* TheGameIsLying.app */ = {isa = PBXFileReference; explicitFileType = wrapper.application; includeInIndex = 0; path = TheGameIsLying.app; sourceTree = BUILT_PRODUCTS_DIR; };
		195F9293022CEE80C9E8D0C0 /* TheGameIsLyingTests.xctest */ = {isa = PBXFileReference; explicitFileType = wrapper.cfbundle; includeInIndex = 0; path = TheGameIsLyingTests.xctest; sourceTree = BUILT_PRODUCTS_DIR; };
		6D4C2814DD103DD5D4992DCE /* TheGameIsLyingUITests.xctest */ = {isa = PBXFileReference; explicitFileType = wrapper.cfbundle; includeInIndex = 0; path = TheGameIsLyingUITests.xctest; sourceTree = BUILT_PRODUCTS_DIR; };
		AD56657D01FCBEC2990A005B /* AdManager.swift */ = {isa = PBXFileReference; lastKnownFileType = sourcecode.swift; path = AdManager.swift; sourceTree = "<group>"; };
		1735841C8C5B3024FB6B7752 /* AnalyticsClient.swift */ = {isa = PBXFileReference; lastKnownFileType = sourcecode.swift; path = AnalyticsClient.swift; sourceTree = "<group>"; };
		73E12866690459A4021BF3CA /* AudioService.swift */ = {isa = PBXFileReference; lastKnownFileType = sourcecode.swift; path = AudioService.swift; sourceTree = "<group>"; };
		341FEEF5F104FF569AFDBB61 /* GameEngine.swift */ = {isa = PBXFileReference; lastKnownFileType = sourcecode.swift; path = GameEngine.swift; sourceTree = "<group>"; };
		8951B6FAA51E1F5E2FA00C92 /* GameSession.swift */ = {isa = PBXFileReference; lastKnownFileType = sourcecode.swift; path = GameSession.swift; sourceTree = "<group>"; };
		CF9FF280651E21A1BE229110 /* LevelCatalog.swift */ = {isa = PBXFileReference; lastKnownFileType = sourcecode.swift; path = LevelCatalog.swift; sourceTree = "<group>"; };
		F846A400615E1CD328866727 /* GameModels.swift */ = {isa = PBXFileReference; lastKnownFileType = sourcecode.swift; path = GameModels.swift; sourceTree = "<group>"; };
		1C2ABBF19EDF5F8696C78E43 /* DailyChallengeService.swift */ = {isa = PBXFileReference; lastKnownFileType = sourcecode.swift; path = DailyChallengeService.swift; sourceTree = "<group>"; };
		4C69BAF5B91A13CD471C7971 /* PersistenceService.swift */ = {isa = PBXFileReference; lastKnownFileType = sourcecode.swift; path = PersistenceService.swift; sourceTree = "<group>"; };
		33E4C3B73DD7B3DDF78D8B0A /* PremiumFlags.swift */ = {isa = PBXFileReference; lastKnownFileType = sourcecode.swift; path = PremiumFlags.swift; sourceTree = "<group>"; };
		42A713D0F22A1CD191C3E458 /* AppRootView.swift */ = {isa = PBXFileReference; lastKnownFileType = sourcecode.swift; path = AppRootView.swift; sourceTree = "<group>"; };
		DE89431105F1E83A3BC1E0BD /* GameplayView.swift */ = {isa = PBXFileReference; lastKnownFileType = sourcecode.swift; path = GameplayView.swift; sourceTree = "<group>"; };
		483C45B809DDC8E9FC73CBC9 /* HomeView.swift */ = {isa = PBXFileReference; lastKnownFileType = sourcecode.swift; path = HomeView.swift; sourceTree = "<group>"; };
		EA663F728E4AB410A1D51471 /* ResultView.swift */ = {isa = PBXFileReference; lastKnownFileType = sourcecode.swift; path = ResultView.swift; sourceTree = "<group>"; };
		3FB57FD08776D69F7863EA39 /* Theme.swift */ = {isa = PBXFileReference; lastKnownFileType = sourcecode.swift; path = Theme.swift; sourceTree = "<group>"; };
		CD1F75906BE8C31BD75A8BF7 /* TheGameIsLyingApp.swift */ = {isa = PBXFileReference; lastKnownFileType = sourcecode.swift; path = TheGameIsLyingApp.swift; sourceTree = "<group>"; };
		5A981352EC0729C90ED39389 /* AdManagerTests.swift */ = {isa = PBXFileReference; lastKnownFileType = sourcecode.swift; path = AdManagerTests.swift; sourceTree = "<group>"; };
		7F79D8CF7E1FC98BCA511AE3 /* AnalyticsTests.swift */ = {isa = PBXFileReference; lastKnownFileType = sourcecode.swift; path = AnalyticsTests.swift; sourceTree = "<group>"; };
		9E96190E8055D6D8CFDF490A /* AudioServiceTests.swift */ = {isa = PBXFileReference; lastKnownFileType = sourcecode.swift; path = AudioServiceTests.swift; sourceTree = "<group>"; };
		452B02AACA36FF13E431117E /* DailyChallengeTests.swift */ = {isa = PBXFileReference; lastKnownFileType = sourcecode.swift; path = DailyChallengeTests.swift; sourceTree = "<group>"; };
		347AD0FA03F93DEA478A3161 /* EngineInvariantsTests.swift */ = {isa = PBXFileReference; lastKnownFileType = sourcecode.swift; path = EngineInvariantsTests.swift; sourceTree = "<group>"; };
		A471B4C589B56A721D759E7B /* GameEngineTests.swift */ = {isa = PBXFileReference; lastKnownFileType = sourcecode.swift; path = GameEngineTests.swift; sourceTree = "<group>"; };
		89D814B8FB37AE56D1FB8CFA /* GameSessionTests.swift */ = {isa = PBXFileReference; lastKnownFileType = sourcecode.swift; path = GameSessionTests.swift; sourceTree = "<group>"; };
		D43C11578BDB459A17DB35FF /* GameSessionTortureTests.swift */ = {isa = PBXFileReference; lastKnownFileType = sourcecode.swift; path = GameSessionTortureTests.swift; sourceTree = "<group>"; };
		4D78EF7767871B5EDE410BCF /* LevelCatalogTests.swift */ = {isa = PBXFileReference; lastKnownFileType = sourcecode.swift; path = LevelCatalogTests.swift; sourceTree = "<group>"; };
		06BBDD511448BC9950E61890 /* PlayerStateTests.swift */ = {isa = PBXFileReference; lastKnownFileType = sourcecode.swift; path = PlayerStateTests.swift; sourceTree = "<group>"; };
		264E13C57229043F0E10A4BE /* CampaignPlaythroughUITests.swift */ = {isa = PBXFileReference; lastKnownFileType = sourcecode.swift; path = CampaignPlaythroughUITests.swift; sourceTree = "<group>"; };
		015560947C16C1F4D072D25B /* FlowUITests.swift */ = {isa = PBXFileReference; lastKnownFileType = sourcecode.swift; path = FlowUITests.swift; sourceTree = "<group>"; };
		173EF7E856B1BCC3BDA0C65A /* PrivacyInfo.xcprivacy */ = {isa = PBXFileReference; lastKnownFileType = text.xml; path = PrivacyInfo.xcprivacy; sourceTree = "<group>"; };
		4BCF6FF7BAD847145E4C7799 /* fail.wav */ = {isa = PBXFileReference; lastKnownFileType = audio.wav; path = fail.wav; sourceTree = "<group>"; };
		6299B8A48AE8C98C68CA3903 /* success.wav */ = {isa = PBXFileReference; lastKnownFileType = audio.wav; path = success.wav; sourceTree = "<group>"; };
		5959AC64BAB3FA1ABDD3E5B1 /* suspense.wav */ = {isa = PBXFileReference; lastKnownFileType = audio.wav; path = suspense.wav; sourceTree = "<group>"; };
		E5F509117AFC9A2C52AC7980 /* tap.wav */ = {isa = PBXFileReference; lastKnownFileType = audio.wav; path = tap.wav; sourceTree = "<group>"; };
		65949145FDDF14E8A908E6B5 /* Assets.xcassets */ = {isa = PBXFileReference; lastKnownFileType = folder.assetcatalog; path = Assets.xcassets; sourceTree = "<group>"; };
/* End PBXFileReference section */

/* Begin PBXFrameworksBuildPhase section */
		F72F053D4455B87BA57FD8AA /* Frameworks */ = {
			isa = PBXFrameworksBuildPhase;
			buildActionMask = 2147483647;
			files = (
			);
			runOnlyForDeploymentPostprocessing = 0;
		};
		12081E88D4992AC78F9205A3 /* Frameworks */ = {
			isa = PBXFrameworksBuildPhase;
			buildActionMask = 2147483647;
			files = (
			);
			runOnlyForDeploymentPostprocessing = 0;
		};
		3FAFD56DF9DB05E4F83B8C7F /* Frameworks */ = {
			isa = PBXFrameworksBuildPhase;
			buildActionMask = 2147483647;
			files = (
			);
			runOnlyForDeploymentPostprocessing = 0;
		};
/* End PBXFrameworksBuildPhase section */

/* Begin PBXGroup section */
		63A9F0EA7BB98050796B649E = {
			isa = PBXGroup;
			children = (
				FA788F7C08B6DA80A7F45CD1 /* TheGameIsLying */,
				9596AD251E2CA3F9570262B4 /* TheGameIsLyingTests */,
				B4BC5B7EE4F6C5A9F71B2314 /* TheGameIsLyingUITests */,
				86024CAD1E83101D97359D73 /* Products */,
			);
			sourceTree = "<group>";
		};
		86024CAD1E83101D97359D73 /* Products */ = {
			isa = PBXGroup;
			children = (
				7BCCADA3021C07D12E775CB5 /* TheGameIsLying.app */,
				195F9293022CEE80C9E8D0C0 /* TheGameIsLyingTests.xctest */,
				6D4C2814DD103DD5D4992DCE /* TheGameIsLyingUITests.xctest */,
			);
			name = Products;
			sourceTree = "<group>";
		};
		DA3535CCDC1896E54C417CB7 /* Ads */ = {
			isa = PBXGroup;
			children = (
				AD56657D01FCBEC2990A005B /* AdManager.swift */,
			);
			path = Ads;
			sourceTree = "<group>";
		};
		589DDF10A880E417FCDD9C8C /* Analytics */ = {
			isa = PBXGroup;
			children = (
				1735841C8C5B3024FB6B7752 /* AnalyticsClient.swift */,
			);
			path = Analytics;
			sourceTree = "<group>";
		};
		69DEEBC030BA7A336DAE5B1C /* Audio */ = {
			isa = PBXGroup;
			children = (
				73E12866690459A4021BF3CA /* AudioService.swift */,
			);
			path = Audio;
			sourceTree = "<group>";
		};
		62ED88CF40181DC1185F238A /* Core */ = {
			isa = PBXGroup;
			children = (
				341FEEF5F104FF569AFDBB61 /* GameEngine.swift */,
				8951B6FAA51E1F5E2FA00C92 /* GameSession.swift */,
			);
			path = Core;
			sourceTree = "<group>";
		};
		D5FD29A2425DADAA1061C591 /* Levels */ = {
			isa = PBXGroup;
			children = (
				CF9FF280651E21A1BE229110 /* LevelCatalog.swift */,
			);
			path = Levels;
			sourceTree = "<group>";
		};
		E9754D03057E3A221B85B74E /* Models */ = {
			isa = PBXGroup;
			children = (
				F846A400615E1CD328866727 /* GameModels.swift */,
			);
			path = Models;
			sourceTree = "<group>";
		};
		762908CF78FE41214D68D5BF /* Services */ = {
			isa = PBXGroup;
			children = (
				1C2ABBF19EDF5F8696C78E43 /* DailyChallengeService.swift */,
				4C69BAF5B91A13CD471C7971 /* PersistenceService.swift */,
				33E4C3B73DD7B3DDF78D8B0A /* PremiumFlags.swift */,
			);
			path = Services;
			sourceTree = "<group>";
		};
		DAFE662D8E877716F1B9381B /* Views */ = {
			isa = PBXGroup;
			children = (
				42A713D0F22A1CD191C3E458 /* AppRootView.swift */,
				DE89431105F1E83A3BC1E0BD /* GameplayView.swift */,
				483C45B809DDC8E9FC73CBC9 /* HomeView.swift */,
				EA663F728E4AB410A1D51471 /* ResultView.swift */,
				3FB57FD08776D69F7863EA39 /* Theme.swift */,
			);
			path = Views;
			sourceTree = "<group>";
		};
		A5DE1945B383703D79CC258C /* Game */ = {
			isa = PBXGroup;
			children = (
				DA3535CCDC1896E54C417CB7 /* Ads */,
				589DDF10A880E417FCDD9C8C /* Analytics */,
				69DEEBC030BA7A336DAE5B1C /* Audio */,
				62ED88CF40181DC1185F238A /* Core */,
				D5FD29A2425DADAA1061C591 /* Levels */,
				E9754D03057E3A221B85B74E /* Models */,
				762908CF78FE41214D68D5BF /* Services */,
				DAFE662D8E877716F1B9381B /* Views */,
			);
			path = Game;
			sourceTree = "<group>";
		};
		2E93D0A461602852DE57D2CF /* Sounds */ = {
			isa = PBXGroup;
			children = (
				4BCF6FF7BAD847145E4C7799 /* fail.wav */,
				6299B8A48AE8C98C68CA3903 /* success.wav */,
				5959AC64BAB3FA1ABDD3E5B1 /* suspense.wav */,
				E5F509117AFC9A2C52AC7980 /* tap.wav */,
			);
			path = Sounds;
			sourceTree = "<group>";
		};
		FE3CEE3D2E418DE4DFE0340E /* Resources */ = {
			isa = PBXGroup;
			children = (
				2E93D0A461602852DE57D2CF /* Sounds */,
			);
			path = Resources;
			sourceTree = "<group>";
		};
		FA788F7C08B6DA80A7F45CD1 /* TheGameIsLying */ = {
			isa = PBXGroup;
			children = (
				65949145FDDF14E8A908E6B5 /* Assets.xcassets */,
				A5DE1945B383703D79CC258C /* Game */,
				173EF7E856B1BCC3BDA0C65A /* PrivacyInfo.xcprivacy */,
				FE3CEE3D2E418DE4DFE0340E /* Resources */,
				CD1F75906BE8C31BD75A8BF7 /* TheGameIsLyingApp.swift */,
			);
			path = TheGameIsLying;
			sourceTree = "<group>";
		};
		9596AD251E2CA3F9570262B4 /* TheGameIsLyingTests */ = {
			isa = PBXGroup;
			children = (
				5A981352EC0729C90ED39389 /* AdManagerTests.swift */,
				7F79D8CF7E1FC98BCA511AE3 /* AnalyticsTests.swift */,
				9E96190E8055D6D8CFDF490A /* AudioServiceTests.swift */,
				452B02AACA36FF13E431117E /* DailyChallengeTests.swift */,
				347AD0FA03F93DEA478A3161 /* EngineInvariantsTests.swift */,
				A471B4C589B56A721D759E7B /* GameEngineTests.swift */,
				89D814B8FB37AE56D1FB8CFA /* GameSessionTests.swift */,
				D43C11578BDB459A17DB35FF /* GameSessionTortureTests.swift */,
				4D78EF7767871B5EDE410BCF /* LevelCatalogTests.swift */,
				06BBDD511448BC9950E61890 /* PlayerStateTests.swift */,
			);
			path = TheGameIsLyingTests;
			sourceTree = "<group>";
		};
		B4BC5B7EE4F6C5A9F71B2314 /* TheGameIsLyingUITests */ = {
			isa = PBXGroup;
			children = (
				264E13C57229043F0E10A4BE /* CampaignPlaythroughUITests.swift */,
				015560947C16C1F4D072D25B /* FlowUITests.swift */,
			);
			path = TheGameIsLyingUITests;
			sourceTree = "<group>";
		};
/* End PBXGroup section */

/* Begin PBXNativeTarget section */
		6439CF22188FA14BBD363342 /* TheGameIsLying */ = {
			isa = PBXNativeTarget;
			buildConfigurationList = BA42D8F68ED6A7B3A0A272E9 /* Build configuration list for PBXNativeTarget "TheGameIsLying" */;
			buildPhases = (
				A26B49697F3E690398527AAB /* Sources */,
				F72F053D4455B87BA57FD8AA /* Frameworks */,
				509E3C5AD660F43AEF16CAB4 /* Resources */,
			);
			buildRules = (
			);
			dependencies = (
			);
			name = TheGameIsLying;
			productName = TheGameIsLying;
			productReference = 7BCCADA3021C07D12E775CB5 /* TheGameIsLying.app */;
			productType = "com.apple.product-type.application";
		};
		BA128F9D3C0D15FFB32AEEA8 /* TheGameIsLyingTests */ = {
			isa = PBXNativeTarget;
			buildConfigurationList = 3AF4C26773A22C6300F105F8 /* Build configuration list for PBXNativeTarget "TheGameIsLyingTests" */;
			buildPhases = (
				30B702671981EE8BE3FC4106 /* Sources */,
				12081E88D4992AC78F9205A3 /* Frameworks */,
				9EEBBCFE0D88A88687D5356E /* Resources */,
			);
			buildRules = (
			);
			dependencies = (
				2254342BECCEAFBD04538E0A /* PBXTargetDependency */,
			);
			name = TheGameIsLyingTests;
			productName = TheGameIsLyingTests;
			productReference = 195F9293022CEE80C9E8D0C0 /* TheGameIsLyingTests.xctest */;
			productType = "com.apple.product-type.bundle.unit-test";
		};
		840D47E4DA74F388E13089FF /* TheGameIsLyingUITests */ = {
			isa = PBXNativeTarget;
			buildConfigurationList = A8AFF0D2AFB48F831BA46391 /* Build configuration list for PBXNativeTarget "TheGameIsLyingUITests" */;
			buildPhases = (
				189A23E106A3AFC8F3D8E298 /* Sources */,
				3FAFD56DF9DB05E4F83B8C7F /* Frameworks */,
				96E8C91BDBD88E58AA60C23B /* Resources */,
			);
			buildRules = (
			);
			dependencies = (
				BFE4BA8977B544267B18FF23 /* PBXTargetDependency */,
			);
			name = TheGameIsLyingUITests;
			productName = TheGameIsLyingUITests;
			productReference = 6D4C2814DD103DD5D4992DCE /* TheGameIsLyingUITests.xctest */;
			productType = "com.apple.product-type.bundle.ui-testing";
		};
/* End PBXNativeTarget section */

/* Begin PBXProject section */
		46F86FAA6BBF9AC94A7E4595 /* Project object */ = {
			isa = PBXProject;
			attributes = {
				BuildIndependentTargetsInParallel = 1;
				LastSwiftUpdateCheck = 2600;
				LastUpgradeCheck = 2600;
				TargetAttributes = {
					6439CF22188FA14BBD363342 = {
						CreatedOnToolsVersion = 26.0;
					};
					BA128F9D3C0D15FFB32AEEA8 = {
						CreatedOnToolsVersion = 26.0;
						TestTargetID = 6439CF22188FA14BBD363342;
					};
					840D47E4DA74F388E13089FF = {
						CreatedOnToolsVersion = 26.0;
						TestTargetID = 6439CF22188FA14BBD363342;
					};
				};
			};
			buildConfigurationList = BD44C8D3D68438F516D2FB8A /* Build configuration list for PBXProject "TheGameIsLying" */;
			compatibilityVersion = "Xcode 14.0";
			developmentRegion = en;
			hasScannedForEncodings = 0;
			knownRegions = (
				en,
				Base,
			);
			mainGroup = 63A9F0EA7BB98050796B649E;
			productRefGroup = 86024CAD1E83101D97359D73 /* Products */;
			projectDirPath = "";
			projectRoot = "";
			targets = (
				6439CF22188FA14BBD363342 /* TheGameIsLying */,
				BA128F9D3C0D15FFB32AEEA8 /* TheGameIsLyingTests */,
				840D47E4DA74F388E13089FF /* TheGameIsLyingUITests */,
			);
		};
/* End PBXProject section */

/* Begin PBXResourcesBuildPhase section */
		509E3C5AD660F43AEF16CAB4 /* Resources */ = {
			isa = PBXResourcesBuildPhase;
			buildActionMask = 2147483647;
			files = (
				519209A37EA91B6E16410091 /* PrivacyInfo.xcprivacy in Resources */,
				B583B6AE2191D6F159414F43 /* fail.wav in Resources */,
				DE6A48EE797AC8248D464C26 /* success.wav in Resources */,
				50FCC56F152ABC76ECF1F83F /* suspense.wav in Resources */,
				B84ECD5971369E7A20EB8FE7 /* tap.wav in Resources */,
				F15901678615A9A62582F797 /* Assets.xcassets in Resources */,
			);
			runOnlyForDeploymentPostprocessing = 0;
		};
		9EEBBCFE0D88A88687D5356E /* Resources */ = {
			isa = PBXResourcesBuildPhase;
			buildActionMask = 2147483647;
			files = (
			);
			runOnlyForDeploymentPostprocessing = 0;
		};
		96E8C91BDBD88E58AA60C23B /* Resources */ = {
			isa = PBXResourcesBuildPhase;
			buildActionMask = 2147483647;
			files = (
			);
			runOnlyForDeploymentPostprocessing = 0;
		};
/* End PBXResourcesBuildPhase section */

/* Begin PBXSourcesBuildPhase section */
		A26B49697F3E690398527AAB /* Sources */ = {
			isa = PBXSourcesBuildPhase;
			buildActionMask = 2147483647;
			files = (
				18A7EA5F80F15D7F825715D4 /* AdManager.swift in Sources */,
				F53688BEDDDF9F116BCB3D07 /* AnalyticsClient.swift in Sources */,
				8C8B48C70378646556AA9B99 /* AudioService.swift in Sources */,
				7FEF64ED63AFF77F57E677AF /* GameEngine.swift in Sources */,
				27B7F1DD168C33615518789E /* GameSession.swift in Sources */,
				43204CC1C87F031DA9FEA0EE /* LevelCatalog.swift in Sources */,
				D1405E3F4F163EBE34A12C36 /* GameModels.swift in Sources */,
				FDFB1D64DC47D58298DDB8AF /* DailyChallengeService.swift in Sources */,
				08140EB2C7DBAB4003FA947F /* PersistenceService.swift in Sources */,
				9F260C21EDDF0DDB8884F649 /* PremiumFlags.swift in Sources */,
				B3F521EB3D644D9E335D822B /* AppRootView.swift in Sources */,
				5CA5DA5F72FB027E7BCDA40E /* GameplayView.swift in Sources */,
				C45FD5479C3CCD32C1E18C38 /* HomeView.swift in Sources */,
				F35B8796635200FCD1C1971F /* ResultView.swift in Sources */,
				51416EA46A2E22C8CDB538B6 /* Theme.swift in Sources */,
				340277397CA4C1F91F9647E5 /* TheGameIsLyingApp.swift in Sources */,
			);
			runOnlyForDeploymentPostprocessing = 0;
		};
		30B702671981EE8BE3FC4106 /* Sources */ = {
			isa = PBXSourcesBuildPhase;
			buildActionMask = 2147483647;
			files = (
				0CC86095CA2CD7F705E98451 /* AdManagerTests.swift in Sources */,
				929ACBC7FD5FDD9B6B06DEA5 /* AnalyticsTests.swift in Sources */,
				7163A3E80C02226F511B9DDB /* AudioServiceTests.swift in Sources */,
				00094A04CC95AED2ED1CA510 /* DailyChallengeTests.swift in Sources */,
				6C98A27B03CC274E4ABCE0E5 /* EngineInvariantsTests.swift in Sources */,
				9A2152297C8B34AA6F7E68C0 /* GameEngineTests.swift in Sources */,
				6338F449FBDBC03E75AB91B4 /* GameSessionTests.swift in Sources */,
				31B252E822C4FC36740F966C /* GameSessionTortureTests.swift in Sources */,
				5990FE5674B1989FDE64E85A /* LevelCatalogTests.swift in Sources */,
				F0053D728F8D472BC103A29D /* PlayerStateTests.swift in Sources */,
			);
			runOnlyForDeploymentPostprocessing = 0;
		};
		189A23E106A3AFC8F3D8E298 /* Sources */ = {
			isa = PBXSourcesBuildPhase;
			buildActionMask = 2147483647;
			files = (
				5C992FA509BB8A8C69EF0E7B /* CampaignPlaythroughUITests.swift in Sources */,
				66E8FBA698AA4300D03B078F /* FlowUITests.swift in Sources */,
			);
			runOnlyForDeploymentPostprocessing = 0;
		};
/* End PBXSourcesBuildPhase section */

/* Begin PBXTargetDependency section */
		2254342BECCEAFBD04538E0A /* PBXTargetDependency */ = {
			isa = PBXTargetDependency;
			target = 6439CF22188FA14BBD363342 /* TheGameIsLying */;
			targetProxy = 431387EB7262E1CFC79B125E /* PBXContainerItemProxy */;
		};
		BFE4BA8977B544267B18FF23 /* PBXTargetDependency */ = {
			isa = PBXTargetDependency;
			target = 6439CF22188FA14BBD363342 /* TheGameIsLying */;
			targetProxy = 697B19ABDC0F39A4DD41F10B /* PBXContainerItemProxy */;
		};
/* End PBXTargetDependency section */

/* Begin XCBuildConfiguration section */
		71307F56FE0F050CBFE8BD6D /* Debug */ = {
			isa = XCBuildConfiguration;
			buildSettings = {
				ALWAYS_SEARCH_USER_PATHS = NO;
				CLANG_ENABLE_MODULES = YES;
				CLANG_ENABLE_OBJC_ARC = YES;
				COPY_PHASE_STRIP = NO;
				DEBUG_INFORMATION_FORMAT = dwarf;
				ENABLE_STRICT_OBJC_MSGSEND = YES;
				ENABLE_TESTABILITY = YES;
				GCC_DYNAMIC_NO_PIC = NO;
				GCC_NO_COMMON_BLOCKS = YES;
				GCC_OPTIMIZATION_LEVEL = 0;
				GCC_PREPROCESSOR_DEFINITIONS = (
					"DEBUG=1",
					"$(inherited)",
				);
				IPHONEOS_DEPLOYMENT_TARGET = 17.0;
				ONLY_ACTIVE_ARCH = YES;
				SDKROOT = iphoneos;
				SWIFT_ACTIVE_COMPILATION_CONDITIONS = DEBUG;
				SWIFT_OPTIMIZATION_LEVEL = "-Onone";
				SWIFT_VERSION = 5.0;
			};
			name = Debug;
		};
		D4147F9DEB4AD84BF3A14790 /* Release */ = {
			isa = XCBuildConfiguration;
			buildSettings = {
				ALWAYS_SEARCH_USER_PATHS = NO;
				CLANG_ENABLE_MODULES = YES;
				CLANG_ENABLE_OBJC_ARC = YES;
				COPY_PHASE_STRIP = NO;
				DEBUG_INFORMATION_FORMAT = "dwarf-with-dsym";
				ENABLE_NS_ASSERTIONS = NO;
				ENABLE_STRICT_OBJC_MSGSEND = YES;
				GCC_NO_COMMON_BLOCKS = YES;
				IPHONEOS_DEPLOYMENT_TARGET = 17.0;
				SDKROOT = iphoneos;
				SWIFT_COMPILATION_MODE = wholemodule;
				SWIFT_VERSION = 5.0;
				VALIDATE_PRODUCT = YES;
			};
			name = Release;
		};
		1EC4855024DBC8C984257298 /* Debug */ = {
			isa = XCBuildConfiguration;
			buildSettings = {
				ASSETCATALOG_COMPILER_APPICON_NAME = AppIcon;
				ASSETCATALOG_COMPILER_GLOBAL_ACCENT_COLOR_NAME = AccentColor;
				CODE_SIGN_STYLE = Automatic;
				CURRENT_PROJECT_VERSION = 1;
				DEVELOPMENT_TEAM = U27LCR7249;
				ENABLE_PREVIEWS = YES;
				GENERATE_INFOPLIST_FILE = YES;
				INFOPLIST_KEY_CFBundleDisplayName = "The Game Is Lying";
				INFOPLIST_KEY_LSApplicationCategoryType = "public.app-category.puzzle-games";
				INFOPLIST_KEY_UIApplicationSceneManifest_Generation = YES;
				INFOPLIST_KEY_UIApplicationSupportsIndirectInputEvents = YES;
				INFOPLIST_KEY_UILaunchScreen_Generation = YES;
				INFOPLIST_KEY_UIRequiresFullScreen = YES;
				INFOPLIST_KEY_UIStatusBarStyle = UIStatusBarStyleLightContent;
				INFOPLIST_KEY_UISupportedInterfaceOrientations = UIInterfaceOrientationPortrait;
				LD_RUNPATH_SEARCH_PATHS = (
					"$(inherited)",
					"@executable_path/Frameworks",
				);
				MARKETING_VERSION = 1.0;
				PRODUCT_BUNDLE_IDENTIFIER = com.thegameislying.mvp;
				PRODUCT_NAME = "$(TARGET_NAME)";
				SUPPORTED_PLATFORMS = "iphoneos iphonesimulator";
				SUPPORTS_MACCATALYST = NO;
				SWIFT_EMIT_LOC_STRINGS = YES;
				SWIFT_VERSION = 5.0;
				TARGETED_DEVICE_FAMILY = 1;
			};
			name = Debug;
		};
		A17D69B82EEA6AD12837DC68 /* Release */ = {
			isa = XCBuildConfiguration;
			buildSettings = {
				ASSETCATALOG_COMPILER_APPICON_NAME = AppIcon;
				ASSETCATALOG_COMPILER_GLOBAL_ACCENT_COLOR_NAME = AccentColor;
				CODE_SIGN_STYLE = Automatic;
				CURRENT_PROJECT_VERSION = 1;
				DEVELOPMENT_TEAM = U27LCR7249;
				ENABLE_PREVIEWS = YES;
				GENERATE_INFOPLIST_FILE = YES;
				INFOPLIST_KEY_CFBundleDisplayName = "The Game Is Lying";
				INFOPLIST_KEY_LSApplicationCategoryType = "public.app-category.puzzle-games";
				INFOPLIST_KEY_UIApplicationSceneManifest_Generation = YES;
				INFOPLIST_KEY_UIApplicationSupportsIndirectInputEvents = YES;
				INFOPLIST_KEY_UILaunchScreen_Generation = YES;
				INFOPLIST_KEY_UIRequiresFullScreen = YES;
				INFOPLIST_KEY_UIStatusBarStyle = UIStatusBarStyleLightContent;
				INFOPLIST_KEY_UISupportedInterfaceOrientations = UIInterfaceOrientationPortrait;
				LD_RUNPATH_SEARCH_PATHS = (
					"$(inherited)",
					"@executable_path/Frameworks",
				);
				MARKETING_VERSION = 1.0;
				PRODUCT_BUNDLE_IDENTIFIER = com.thegameislying.mvp;
				PRODUCT_NAME = "$(TARGET_NAME)";
				SUPPORTED_PLATFORMS = "iphoneos iphonesimulator";
				SUPPORTS_MACCATALYST = NO;
				SWIFT_EMIT_LOC_STRINGS = YES;
				SWIFT_VERSION = 5.0;
				TARGETED_DEVICE_FAMILY = 1;
			};
			name = Release;
		};
		4B76C35BB1D534F10245EF37 /* Debug */ = {
			isa = XCBuildConfiguration;
			buildSettings = {
				BUNDLE_LOADER = "$(TEST_HOST)";
				CODE_SIGN_STYLE = Automatic;
				CURRENT_PROJECT_VERSION = 1;
				DEVELOPMENT_TEAM = U27LCR7249;
				GENERATE_INFOPLIST_FILE = YES;
				IPHONEOS_DEPLOYMENT_TARGET = 17.0;
				MARKETING_VERSION = 1.0;
				PRODUCT_BUNDLE_IDENTIFIER = com.thegameislying.mvp.tests;
				PRODUCT_NAME = "$(TARGET_NAME)";
				SWIFT_VERSION = 5.0;
				TARGETED_DEVICE_FAMILY = 1;
				TEST_HOST = "$(BUILT_PRODUCTS_DIR)/TheGameIsLying.app/$(BUNDLE_EXECUTABLE_FOLDER_PATH)/TheGameIsLying";
			};
			name = Debug;
		};
		819EE775D92C0EF73120C600 /* Release */ = {
			isa = XCBuildConfiguration;
			buildSettings = {
				BUNDLE_LOADER = "$(TEST_HOST)";
				CODE_SIGN_STYLE = Automatic;
				CURRENT_PROJECT_VERSION = 1;
				DEVELOPMENT_TEAM = U27LCR7249;
				GENERATE_INFOPLIST_FILE = YES;
				IPHONEOS_DEPLOYMENT_TARGET = 17.0;
				MARKETING_VERSION = 1.0;
				PRODUCT_BUNDLE_IDENTIFIER = com.thegameislying.mvp.tests;
				PRODUCT_NAME = "$(TARGET_NAME)";
				SWIFT_VERSION = 5.0;
				TARGETED_DEVICE_FAMILY = 1;
				TEST_HOST = "$(BUILT_PRODUCTS_DIR)/TheGameIsLying.app/$(BUNDLE_EXECUTABLE_FOLDER_PATH)/TheGameIsLying";
			};
			name = Release;
		};
		D641BD34E5291BA3FDBA7593 /* Debug */ = {
			isa = XCBuildConfiguration;
			buildSettings = {
				CODE_SIGN_STYLE = Automatic;
				CURRENT_PROJECT_VERSION = 1;
				DEVELOPMENT_TEAM = U27LCR7249;
				GENERATE_INFOPLIST_FILE = YES;
				IPHONEOS_DEPLOYMENT_TARGET = 17.0;
				MARKETING_VERSION = 1.0;
				PRODUCT_BUNDLE_IDENTIFIER = com.thegameislying.mvp.uitests;
				PRODUCT_NAME = "$(TARGET_NAME)";
				SWIFT_VERSION = 5.0;
				TARGETED_DEVICE_FAMILY = 1;
				TEST_TARGET_NAME = TheGameIsLying;
			};
			name = Debug;
		};
		BB549A3DE3FDACC274BED414 /* Release */ = {
			isa = XCBuildConfiguration;
			buildSettings = {
				CODE_SIGN_STYLE = Automatic;
				CURRENT_PROJECT_VERSION = 1;
				DEVELOPMENT_TEAM = U27LCR7249;
				GENERATE_INFOPLIST_FILE = YES;
				IPHONEOS_DEPLOYMENT_TARGET = 17.0;
				MARKETING_VERSION = 1.0;
				PRODUCT_BUNDLE_IDENTIFIER = com.thegameislying.mvp.uitests;
				PRODUCT_NAME = "$(TARGET_NAME)";
				SWIFT_VERSION = 5.0;
				TARGETED_DEVICE_FAMILY = 1;
				TEST_TARGET_NAME = TheGameIsLying;
			};
			name = Release;
		};
/* End XCBuildConfiguration section */

/* Begin XCConfigurationList section */
		BD44C8D3D68438F516D2FB8A /* Build configuration list for PBXProject "TheGameIsLying" */ = {
			isa = XCConfigurationList;
			buildConfigurations = (
				71307F56FE0F050CBFE8BD6D /* Debug */,
				D4147F9DEB4AD84BF3A14790 /* Release */,
			);
			defaultConfigurationIsVisible = 0;
			defaultConfigurationName = Release;
		};
		BA42D8F68ED6A7B3A0A272E9 /* Build configuration list for PBXNativeTarget "TheGameIsLying" */ = {
			isa = XCConfigurationList;
			buildConfigurations = (
				1EC4855024DBC8C984257298 /* Debug */,
				A17D69B82EEA6AD12837DC68 /* Release */,
			);
			defaultConfigurationIsVisible = 0;
			defaultConfigurationName = Release;
		};
		3AF4C26773A22C6300F105F8 /* Build configuration list for PBXNativeTarget "TheGameIsLyingTests" */ = {
			isa = XCConfigurationList;
			buildConfigurations = (
				4B76C35BB1D534F10245EF37 /* Debug */,
				819EE775D92C0EF73120C600 /* Release */,
			);
			defaultConfigurationIsVisible = 0;
			defaultConfigurationName = Release;
		};
		A8AFF0D2AFB48F831BA46391 /* Build configuration list for PBXNativeTarget "TheGameIsLyingUITests" */ = {
			isa = XCConfigurationList;
			buildConfigurations = (
				D641BD34E5291BA3FDBA7593 /* Debug */,
				BB549A3DE3FDACC274BED414 /* Release */,
			);
			defaultConfigurationIsVisible = 0;
			defaultConfigurationName = Release;
		};
/* End XCConfigurationList section */
	};
	rootObject = 46F86FAA6BBF9AC94A7E4595 /* Project object */;
}
